
Microsoft Visual Studio Solution File, Format Version 12.00
# Visual Studio Version 17
VisualStudioVersion = 17.6.33815.320
MinimumVisualStudioVersion = 10.0.40219.1
Project("{FAE04EC0-301F-11D3-BF4B-00C04F79EFBC}") = "FigureIerarhe", "FigureIerarhe.csproj", "{D8A54A90-AD98-4D26-B319-A7DC2F4B8083}"
EndProject
Global
	GlobalSection(SolutionConfigurationPlatforms) = preSolution
		Debug|Any CPU = Debug|Any CPU
		Release|Any CPU = Release|Any CPU
	EndGlobalSection
	GlobalSection(ProjectConfigurationPlatforms) = postSolution
		{D8A54A90-AD98-4D26-B319-A7DC2F4B8083}.Debug|Any CPU.ActiveCfg = Debug|Any CPU
		{D8A54A90-AD98-4D26-B319-A7DC2F4B8083}.Debug|Any CPU.Build.0 = Debug|Any CPU
		{D8A54A90-AD98-4D26-B319-A7DC2F4B8083}.Release|Any CPU.ActiveCfg = Release|Any CPU
		{D8A54A90-AD98-4D26-B319-A7DC2F4B8083}.Release|Any CPU.Build.0 = Release|Any CPU
	EndGlobalSection
	GlobalSection(SolutionProperties) = preSolution
		HideSolutionNode = FALSE
	EndGlobalSection
	GlobalSection(ExtensibilityGlobals) = postSolution
		SolutionGuid = {4FABD52A-5F83-4C2F-8072-74C06119E840}
	EndGlobalSection
EndGlobal
